
Microsoft Visual Studio Solution File, Format Version 12.00
# Visual Studio Version 17
VisualStudioVersion = 17.14.36310.24 d17.14
MinimumVisualStudioVersion = 10.0.40219.1
Project("{FAE04EC0-301F-11D3-BF4B-00C04F79EFBC}") = "stringSearch", "stringSearch.csproj", "{AD435591-5739-A8D5-5800-60768EB77EA3}"
EndProject
Global
	GlobalSection(SolutionConfigurationPlatforms) = preSolution
		Debug|Any CPU = Debug|Any CPU
		Release|Any CPU = Release|Any CPU
	EndGlobalSection
	GlobalSection(ProjectConfigurationPlatforms) = postSolution
		{AD435591-5739-A8D5-5800-60768EB77EA3}.Debug|Any CPU.ActiveCfg = Debug|Any CPU
		{AD435591-5739-A8D5-5800-60768EB77EA3}.Debug|Any CPU.Build.0 = Debug|Any CPU
		{AD435591-5739-A8D5-5800-60768EB77EA3}.Release|Any CPU.ActiveCfg = Release|Any CPU
		{AD435591-5739-A8D5-5800-60768EB77EA3}.Release|Any CPU.Build.0 = Release|Any CPU
	EndGlobalSection
	GlobalSection(SolutionProperties) = preSolution
		HideSolutionNode = FALSE
	EndGlobalSection
	GlobalSection(ExtensibilityGlobals) = postSolution
		SolutionGuid = {E2BB4FE9-ED7D-4EDA-A647-51FED722AEB5}
	EndGlobalSection
EndGlobal
